
Microsoft Visual Studio Solution File, Format Version 12.00
# Visual Studio 15
VisualStudioVersion = 15.0.27703.2047
MinimumVisualStudioVersion = 10.0.40219.1
Project("{FAE04EC0-301F-11D3-BF4B-00C04F79EFBC}") = "DEV-10", "DEV-10\DEV-10.csproj", "{587AEB67-761D-4E78-A341-708CFF2D2C67}"
EndProject
Global
	GlobalSection(SolutionConfigurationPlatforms) = preSolution
		Debug|Any CPU = Debug|Any CPU
		Release|Any CPU = Release|Any CPU
	EndGlobalSection
	GlobalSection(ProjectConfigurationPlatforms) = postSolution
		{587AEB67-761D-4E78-A341-708CFF2D2C67}.Debug|Any CPU.ActiveCfg = Debug|Any CPU
		{587AEB67-761D-4E78-A341-708CFF2D2C67}.Debug|Any CPU.Build.0 = Debug|Any CPU
		{587AEB67-761D-4E78-A341-708CFF2D2C67}.Release|Any CPU.ActiveCfg = Release|Any CPU
		{587AEB67-761D-4E78-A341-708CFF2D2C67}.Release|Any CPU.Build.0 = Release|Any CPU
	EndGlobalSection
	GlobalSection(SolutionProperties) = preSolution
		HideSolutionNode = FALSE
	EndGlobalSection
	GlobalSection(ExtensibilityGlobals) = postSolution
		SolutionGuid = {9A049DC0-FF60-482F-9D91-4339ECE400A9}
	EndGlobalSection
EndGlobal
