
Microsoft Visual Studio Solution File, Format Version 12.00
# Visual Studio 15
VisualStudioVersion = 15.0.27703.2047
MinimumVisualStudioVersion = 10.0.40219.1
Project("{FAE04EC0-301F-11D3-BF4B-00C04F79EFBC}") = "DEV-9", "DEV-9\DEV-9.csproj", "{CF99909E-D078-48DD-B729-0E5207BE5CCD}"
EndProject
Global
	GlobalSection(SolutionConfigurationPlatforms) = preSolution
		Debug|Any CPU = Debug|Any CPU
		Release|Any CPU = Release|Any CPU
	EndGlobalSection
	GlobalSection(ProjectConfigurationPlatforms) = postSolution
		{CF99909E-D078-48DD-B729-0E5207BE5CCD}.Debug|Any CPU.ActiveCfg = Debug|Any CPU
		{CF99909E-D078-48DD-B729-0E5207BE5CCD}.Debug|Any CPU.Build.0 = Debug|Any CPU
		{CF99909E-D078-48DD-B729-0E5207BE5CCD}.Release|Any CPU.ActiveCfg = Release|Any CPU
		{CF99909E-D078-48DD-B729-0E5207BE5CCD}.Release|Any CPU.Build.0 = Release|Any CPU
	EndGlobalSection
	GlobalSection(SolutionProperties) = preSolution
		HideSolutionNode = FALSE
	EndGlobalSection
	GlobalSection(ExtensibilityGlobals) = postSolution
		SolutionGuid = {8A89F921-408C-4D82-8328-001C6DD822C4}
	EndGlobalSection
EndGlobal
