
Microsoft Visual Studio Solution File, Format Version 12.00
# Visual Studio 15
VisualStudioVersion = 15.0.27703.2047
MinimumVisualStudioVersion = 10.0.40219.1
Project("{FAE04EC0-301F-11D3-BF4B-00C04F79EFBC}") = "LaboratoryTask-2", "LaboratoryTask-2\LaboratoryTask-2.csproj", "{49B1E612-58B7-47AB-B3F1-09B512B2FD0A}"
EndProject
Global
	GlobalSection(SolutionConfigurationPlatforms) = preSolution
		Debug|Any CPU = Debug|Any CPU
		Release|Any CPU = Release|Any CPU
	EndGlobalSection
	GlobalSection(ProjectConfigurationPlatforms) = postSolution
		{49B1E612-58B7-47AB-B3F1-09B512B2FD0A}.Debug|Any CPU.ActiveCfg = Debug|Any CPU
		{49B1E612-58B7-47AB-B3F1-09B512B2FD0A}.Debug|Any CPU.Build.0 = Debug|Any CPU
		{49B1E612-58B7-47AB-B3F1-09B512B2FD0A}.Release|Any CPU.ActiveCfg = Release|Any CPU
		{49B1E612-58B7-47AB-B3F1-09B512B2FD0A}.Release|Any CPU.Build.0 = Release|Any CPU
	EndGlobalSection
	GlobalSection(SolutionProperties) = preSolution
		HideSolutionNode = FALSE
	EndGlobalSection
	GlobalSection(ExtensibilityGlobals) = postSolution
		SolutionGuid = {E10E0C3A-E29E-4F7B-B835-5AC983BA2F82}
	EndGlobalSection
EndGlobal
