
Microsoft Visual Studio Solution File, Format Version 12.00
# Visual Studio 15
VisualStudioVersion = 15.0.27703.2047
MinimumVisualStudioVersion = 10.0.40219.1
Project("{FAE04EC0-301F-11D3-BF4B-00C04F79EFBC}") = "DEV-3", "DEV-3\DEV-3.csproj", "{CA9078EC-EF65-4E20-ADBC-E93602AFE7F9}"
EndProject
Global
	GlobalSection(SolutionConfigurationPlatforms) = preSolution
		Debug|Any CPU = Debug|Any CPU
		Release|Any CPU = Release|Any CPU
	EndGlobalSection
	GlobalSection(ProjectConfigurationPlatforms) = postSolution
		{CA9078EC-EF65-4E20-ADBC-E93602AFE7F9}.Debug|Any CPU.ActiveCfg = Debug|Any CPU
		{CA9078EC-EF65-4E20-ADBC-E93602AFE7F9}.Debug|Any CPU.Build.0 = Debug|Any CPU
		{CA9078EC-EF65-4E20-ADBC-E93602AFE7F9}.Release|Any CPU.ActiveCfg = Release|Any CPU
		{CA9078EC-EF65-4E20-ADBC-E93602AFE7F9}.Release|Any CPU.Build.0 = Release|Any CPU
	EndGlobalSection
	GlobalSection(SolutionProperties) = preSolution
		HideSolutionNode = FALSE
	EndGlobalSection
	GlobalSection(ExtensibilityGlobals) = postSolution
		SolutionGuid = {3ABB23E5-989E-4F89-9F93-660F1FEA6075}
	EndGlobalSection
EndGlobal
